
Microsoft Visual Studio Solution File, Format Version 11.00
# Visual Studio 2010
Project("{FAE04EC0-301F-11D3-BF4B-00C04F79EFBC}") = "WSClientWeb", "WSClientWeb\WSClientWeb.csproj", "{80A84E58-C87D-4E2D-BA7C-B999598BC4E9}"
EndProject
Project("{FAE04EC0-301F-11D3-BF4B-00C04F79EFBC}") = "SLTest", "SLTest\SLTest.csproj", "{BC484770-1FA3-4072-BD66-C9AB2F6C3015}"
	ProjectSection(ProjectDependencies) = postProject
		{80A84E58-C87D-4E2D-BA7C-B999598BC4E9} = {80A84E58-C87D-4E2D-BA7C-B999598BC4E9}
	EndProjectSection
EndProject
Global
	GlobalSection(TeamFoundationVersionControl) = preSolution
		SccNumberOfProjects = 3
		SccEnterpriseProvider = {4CA58AB2-18FA-4F8D-95D4-32DDF27D184C}
		SccTeamFoundationServer = http://tfs.800casting.com:8080/tfs/neurospeech
		SccLocalPath0 = .
		SccProjectUniqueName1 = WSClientWeb\\WSClientWeb.csproj
		SccProjectName1 = WSClientWeb
		SccLocalPath1 = WSClientWeb
		SccProjectUniqueName2 = SLTest\\SLTest.csproj
		SccProjectName2 = SLTest
		SccLocalPath2 = SLTest
	EndGlobalSection
	GlobalSection(SolutionConfigurationPlatforms) = preSolution
		Debug|Any CPU = Debug|Any CPU
		Release|Any CPU = Release|Any CPU
	EndGlobalSection
	GlobalSection(ProjectConfigurationPlatforms) = postSolution
		{80A84E58-C87D-4E2D-BA7C-B999598BC4E9}.Debug|Any CPU.ActiveCfg = Debug|Any CPU
		{80A84E58-C87D-4E2D-BA7C-B999598BC4E9}.Debug|Any CPU.Build.0 = Debug|Any CPU
		{80A84E58-C87D-4E2D-BA7C-B999598BC4E9}.Release|Any CPU.ActiveCfg = Release|Any CPU
		{80A84E58-C87D-4E2D-BA7C-B999598BC4E9}.Release|Any CPU.Build.0 = Release|Any CPU
		{BC484770-1FA3-4072-BD66-C9AB2F6C3015}.Debug|Any CPU.ActiveCfg = Debug|Any CPU
		{BC484770-1FA3-4072-BD66-C9AB2F6C3015}.Debug|Any CPU.Build.0 = Debug|Any CPU
		{BC484770-1FA3-4072-BD66-C9AB2F6C3015}.Release|Any CPU.ActiveCfg = Release|Any CPU
		{BC484770-1FA3-4072-BD66-C9AB2F6C3015}.Release|Any CPU.Build.0 = Release|Any CPU
	EndGlobalSection
	GlobalSection(SolutionProperties) = preSolution
		HideSolutionNode = FALSE
	EndGlobalSection
EndGlobal
